# This file is machine-generated by `gh actions-lock`.
# Do not edit by hand; run `gh actions-lock` to update.
# Docs: https://gh.io/actions-lockfile
version: 'v0.0.2'
workflows:
    '.github/workflows/rust-checks.yaml':
        - 'actions-rs/toolchain@v1.0.7'
        - 'actions/checkout@v4.4.0'
        - 'arduino/setup-protoc@v3.0.0'
        - 'swatinem/rust-cache@v2.9.2'
        - 'uncenter/setup-taplo@v1.0.8'
dependencies:
    'actions-rs/toolchain@v1.0.7':
        ref: 'v1.0.7'
        commit: 'sha1-16499b5e05bf2e26879000db0c1d13f7e13fa3af'
        owner_id: 55226457
        repo_id: 208060770
    'actions/checkout@v4.4.0':
        ref: 'v4.4.0'
        commit: 'sha1-11d5960a326750d5838078e36cf38b85af677262'
        owner_id: 44036562
        repo_id: 197814629
    'arduino/setup-protoc@v3.0.0':
        ref: 'v3.0.0'
        commit: 'sha1-c65c819552d16ad3c9b72d9dfd5ba5237b9c906b'
        owner_id: 379109
        repo_id: 216797458
    'swatinem/rust-cache@v2.9.2':
        ref: 'v2.9.2'
        commit: 'sha1-6323deb102c322ba6fcbdcafc7e3dddab59af2b6'
        owner_id: 580492
        repo_id: 298565987
    'uncenter/setup-taplo@v1.0.8':
        ref: 'v1.0.8'
        commit: 'sha1-4f203fdb4f3b1e289c8382cf90d8397d2338df2e'
        owner_id: 47499684
        repo_id: 756648657
